{
    "_readme": [
        "This file locks the dependencies of your project to a known state",
        "Read more about it at https://getcomposer.org/doc/01-basic-usage.md#installing-dependencies",
        "This file is @generated automatically"
    ],
    "content-hash": "affc26819b4d7a056b8652084b76c987",
    "packages": [
        {
            "name": "vrana/adminer",
            "version": "v4.6.2",
            "source": {
                "type": "git",
                "url": "https://github.com/vrana/adminer.git",
                "reference": "7cb3e768bbd34f4b01aa9a2b7fac1c7224a02b37"
            },
            "dist": {
                "type": "zip",
                "url": "https://api.github.com/repos/vrana/adminer/zipball/7cb3e768bbd34f4b01aa9a2b7fac1c7224a02b37",
                "reference": "7cb3e768bbd34f4b01aa9a2b7fac1c7224a02b37",
                "shasum": ""
            },
            "type": "library",
            "autoload": {
                "classmap": [
                    "plugins/"
                ]
            },
            "notification-url": "https://packagist.org/downloads/",
            "license": [
                "Apache-2.0",
                "GPL-2.0-only"
            ],
            "authors": [
                {
                    "name": "Jakub Vrána",
                    "homepage": "https://www.vrana.cz/"
                }
            ],
            "description": "Database management in a single PHP file.",
            "homepage": "https://www.adminer.org/",
            "keywords": [
                "database"
            ],
            "support": {
                "forum": "https://sourceforge.net/p/adminer/discussion/",
                "issues": "https://sourceforge.net/p/adminer/bugs-and-features/",
                "source": "https://github.com/vrana/adminer/"
            },
            "time": "2018-02-20T08:20:42+00:00"
        }
    ],
    "packages-dev": [],
    "aliases": [],
    "minimum-stability": "stable",
    "stability-flags": [],
    "prefer-stable": false,
    "prefer-lowest": false,
    "platform": [],
    "platform-dev": [],
    "plugin-api-version": "2.0.0"
}
